// !$*UTF8*$!
{
	archiveVersion = 1;
	classes = {
	};
	objectVersion = 56;
	objects = {

/* Begin PBXBuildFile section */
		1F72B3A22B9F17BF000A6371 /* AppDelegate.swift in Sources */ = {isa = PBXBuildFile; fileRef = 1F72B3A12B9F17BF000A6371 /* AppDelegate.swift */; };
		1F72B3A42B9F17BF000A6371 /* SceneDelegate.swift in Sources */ = {isa = PBXBuildFile; fileRef = 1F72B3A32B9F17BF000A6371 /* SceneDelegate.swift */; };
		1F72B3A92B9F17BF000A6371 /* Main.storyboard in Resources */ = {isa = PBXBuildFile; fileRef = 1F72B3A72B9F17BF000A6371 /* Main.storyboard */; };
		1F72B3AB2B9F17C1000A6371 /* Assets.xcassets in Resources */ = {isa = PBXBuildFile; fileRef = 1F72B3AA2B9F17C1000A6371 /* Assets.xcassets */; };
		1F72B3AE2B9F17C1000A6371 /* LaunchScreen.storyboard in Resources */ = {isa = PBXBuildFile; fileRef = 1F72B3AC2B9F17C1000A6371 /* LaunchScreen.storyboard */; };
		1F72B3B62B9F1907000A6371 /* WhiteVC.swift in Sources */ = {isa = PBXBuildFile; fileRef = 1F72B3B52B9F1907000A6371 /* WhiteVC.swift */; };
		1F72B3B82B9F1915000A6371 /* GrayVC.swift in Sources */ = {isa = PBXBuildFile; fileRef = 1F72B3B72B9F1915000A6371 /* GrayVC.swift */; };
/* End PBXBuildFile section */

/* Begin PBXFileReference section */
		1F72B39E2B9F17BF000A6371 /* lesson12(HW).app */ = {isa = PBXFileReference; explicitFileType = wrapper.application; includeInIndex = 0; path = "lesson12(HW).app"; sourceTree = BUILT_PRODUCTS_DIR; };
		1F72B3A12B9F17BF000A6371 /* AppDelegate.swift */ = {isa = PBXFileReference; lastKnownFileType = sourcecode.swift; path = AppDelegate.swift; sourceTree = "<group>"; };
		1F72B3A32B9F17BF000A6371 /* SceneDelegate.swift */ = {isa = PBXFileReference; lastKnownFileType = sourcecode.swift; path = SceneDelegate.swift; sourceTree = "<group>"; };
		1F72B3A82B9F17BF000A6371 /* Base */ = {isa = PBXFileReference; lastKnownFileType = file.storyboard; name = Base; path = Base.lproj/Main.storyboard; sourceTree = "<group>"; };
		1F72B3AA2B9F17C1000A6371 /* Assets.xcassets */ = {isa = PBXFileReference; lastKnownFileType = folder.assetcatalog; path = Assets.xcassets; sourceTree = "<group>"; };
		1F72B3AD2B9F17C1000A6371 /* Base */ = {isa = PBXFileReference; lastKnownFileType = file.storyboard; name = Base; path = Base.lproj/LaunchScreen.storyboard; sourceTree = "<group>"; };
		1F72B3AF2B9F17C1000A6371 /* Info.plist */ = {isa = PBXFileReference; lastKnownFileType = text.plist.xml; path = Info.plist; sourceTree = "<group>"; };
		1F72B3B52B9F1907000A6371 /* WhiteVC.swift */ = {isa = PBXFileReference; lastKnownFileType = sourcecode.swift; path = WhiteVC.swift; sourceTree = "<group>"; };
		1F72B3B72B9F1915000A6371 /* GrayVC.swift */ = {isa = PBXFileReference; lastKnownFileType = sourcecode.swift; path = GrayVC.swift; sourceTree = "<group>"; };
/* End PBXFileReference section */

/* Begin PBXFrameworksBuildPhase section */
		1F72B39B2B9F17BF000A6371 /* Frameworks */ = {
			isa = PBXFrameworksBuildPhase;
			buildActionMask = 2147483647;
			files = (
			);
			runOnlyForDeploymentPostprocessing = 0;
		};
/* End PBXFrameworksBuildPhase section */

/* Begin PBXGroup section */
		1F72B3952B9F17BF000A6371 = {
			isa = PBXGroup;
			children = (
				1F72B3A02B9F17BF000A6371 /* lesson12(HW) */,
				1F72B39F2B9F17BF000A6371 /* Products */,
			);
			sourceTree = "<group>";
		};
		1F72B39F2B9F17BF000A6371 /* Products */ = {
			isa = PBXGroup;
			children = (
				1F72B39E2B9F17BF000A6371 /* lesson12(HW).app */,
			);
			name = Products;
			sourceTree = "<group>";
		};
		1F72B3A02B9F17BF000A6371 /* lesson12(HW) */ = {
			isa = PBXGroup;
			children = (
				1F72B3A12B9F17BF000A6371 /* AppDelegate.swift */,
				1F72B3A32B9F17BF000A6371 /* SceneDelegate.swift */,
				1F72B3A72B9F17BF000A6371 /* Main.storyboard */,
				1F72B3AA2B9F17C1000A6371 /* Assets.xcassets */,
				1F72B3AC2B9F17C1000A6371 /* LaunchScreen.storyboard */,
				1F72B3AF2B9F17C1000A6371 /* Info.plist */,
				1F72B3B92B9F191D000A6371 /* VC */,
			);
			path = "lesson12(HW)";
			sourceTree = "<group>";
		};
		1F72B3B92B9F191D000A6371 /* VC */ = {
			isa = PBXGroup;
			children = (
				1F72B3B52B9F1907000A6371 /* WhiteVC.swift */,
				1F72B3B72B9F1915000A6371 /* GrayVC.swift */,
			);
			path = VC;
			sourceTree = "<group>";
		};
/* End PBXGroup section */

/* Begin PBXNativeTarget section */
		1F72B39D2B9F17BF000A6371 /* lesson12(HW) */ = {
			isa = PBXNativeTarget;
			buildConfigurationList = 1F72B3B22B9F17C1000A6371 /* Build configuration list for PBXNativeTarget "lesson12(HW)" */;
			buildPhases = (
				1F72B39A2B9F17BF000A6371 /* Sources */,
				1F72B39B2B9F17BF000A6371 /* Frameworks */,
				1F72B39C2B9F17BF000A6371 /* Resources */,
			);
			buildRules = (
			);
			dependencies = (
			);
			name = "lesson12(HW)";
			productName = "lesson12(HW)";
			productReference = 1F72B39E2B9F17BF000A6371 /* lesson12(HW).app */;
			productType = "com.apple.product-type.application";
		};
/* End PBXNativeTarget section */

/* Begin PBXProject section */
		1F72B3962B9F17BF000A6371 /* Project object */ = {
			isa = PBXProject;
			attributes = {
				BuildIndependentTargetsInParallel = 1;
				LastSwiftUpdateCheck = 1500;
				LastUpgradeCheck = 1500;
				TargetAttributes = {
					1F72B39D2B9F17BF000A6371 = {
						CreatedOnToolsVersion = 15.0;
					};
				};
			};
			buildConfigurationList = 1F72B3992B9F17BF000A6371 /* Build configuration list for PBXProject "lesson12(HW)" */;
			compatibilityVersion = "Xcode 14.0";
			developmentRegion = en;
			hasScannedForEncodings = 0;
			knownRegions = (
				en,
				Base,
			);
			mainGroup = 1F72B3952B9F17BF000A6371;
			productRefGroup = 1F72B39F2B9F17BF000A6371 /* Products */;
			projectDirPath = "";
			projectRoot = "";
			targets = (
				1F72B39D2B9F17BF000A6371 /* lesson12(HW) */,
			);
		};
/* End PBXProject section */

/* Begin PBXResourcesBuildPhase section */
		1F72B39C2B9F17BF000A6371 /* Resources */ = {
			isa = PBXResourcesBuildPhase;
			buildActionMask = 2147483647;
			files = (
				1F72B3AE2B9F17C1000A6371 /* LaunchScreen.storyboard in Resources */,
				1F72B3AB2B9F17C1000A6371 /* Assets.xcassets in Resources */,
				1F72B3A92B9F17BF000A6371 /* Main.storyboard in Resources */,
			);
			runOnlyForDeploymentPostprocessing = 0;
		};
/* End PBXResourcesBuildPhase section */

/* Begin PBXSourcesBuildPhase section */
		1F72B39A2B9F17BF000A6371 /* Sources */ = {
			isa = PBXSourcesBuildPhase;
			buildActionMask = 2147483647;
			files = (
				1F72B3B62B9F1907000A6371 /* WhiteVC.swift in Sources */,
				1F72B3A22B9F17BF000A6371 /* AppDelegate.swift in Sources */,
				1F72B3A42B9F17BF000A6371 /* SceneDelegate.swift in Sources */,
				1F72B3B82B9F1915000A6371 /* GrayVC.swift in Sources */,
			);
			runOnlyForDeploymentPostprocessing = 0;
		};
/* End PBXSourcesBuildPhase section */

/* Begin PBXVariantGroup section */
		1F72B3A72B9F17BF000A6371 /* Main.storyboard */ = {
			isa = PBXVariantGroup;
			children = (
				1F72B3A82B9F17BF000A6371 /* Base */,
			);
			name = Main.storyboard;
			sourceTree = "<group>";
		};
		1F72B3AC2B9F17C1000A6371 /* LaunchScreen.storyboard */ = {
			isa = PBXVariantGroup;
			children = (
				1F72B3AD2B9F17C1000A6371 /* Base */,
			);
			name = LaunchScreen.storyboard;
			sourceTree = "<group>";
		};
/* End PBXVariantGroup section */

/* Begin XCBuildConfiguration section */
		1F72B3B02B9F17C1000A6371 /* Debug */ = {
			isa = XCBuildConfiguration;
			buildSettings = {
				ALWAYS_SEARCH_USER_PATHS = NO;
				ASSETCATALOG_COMPILER_GENERATE_SWIFT_ASSET_SYMBOL_EXTENSIONS = YES;
				CLANG_ANALYZER_NONNULL = YES;
				CLANG_ANALYZER_NUMBER_OBJECT_CONVERSION = YES_AGGRESSIVE;
				CLANG_CXX_LANGUAGE_STANDARD = "gnu++20";
				CLANG_ENABLE_MODULES = YES;
				CLANG_ENABLE_OBJC_ARC = YES;
				CLANG_ENABLE_OBJC_WEAK = YES;
				CLANG_WARN_BLOCK_CAPTURE_AUTORELEASING = YES;
				CLANG_WARN_BOOL_CONVERSION = YES;
				CLANG_WARN_COMMA = YES;
				CLANG_WARN_CONSTANT_CONVERSION = YES;
				CLANG_WARN_DEPRECATED_OBJC_IMPLEMENTATIONS = YES;
				CLANG_WARN_DIRECT_OBJC_ISA_USAGE = YES_ERROR;
				CLANG_WARN_DOCUMENTATION_COMMENTS = YES;
				CLANG_WARN_EMPTY_BODY = YES;
				CLANG_WARN_ENUM_CONVERSION = YES;
				CLANG_WARN_INFINITE_RECURSION = YES;
				CLANG_WARN_INT_CONVERSION = YES;
				CLANG_WARN_NON_LITERAL_NULL_CONVERSION = YES;
				CLANG_WARN_OBJC_IMPLICIT_RETAIN_SELF = YES;
				CLANG_WARN_OBJC_LITERAL_CONVERSION = YES;
				CLANG_WARN_OBJC_ROOT_CLASS = YES_ERROR;
				CLANG_WARN_QUOTED_INCLUDE_IN_FRAMEWORK_HEADER = YES;
				CLANG_WARN_RANGE_LOOP_ANALYSIS = YES;
				CLANG_WARN_STRICT_PROTOTYPES = YES;
				CLANG_WARN_SUSPICIOUS_MOVE = YES;
				CLANG_WARN_UNGUARDED_AVAILABILITY = YES_AGGRESSIVE;
				CLANG_WARN_UNREACHABLE_CODE = YES;
				CLANG_WARN__DUPLICATE_METHOD_MATCH = YES;
				COPY_PHASE_STRIP = NO;
				DEBUG_INFORMATION_FORMAT = dwarf;
				ENABLE_STRICT_OBJC_MSGSEND = YES;
				ENABLE_TESTABILITY = YES;
				ENABLE_USER_SCRIPT_SANDBOXING = YES;
				GCC_C_LANGUAGE_STANDARD = gnu17;
				GCC_DYNAMIC_NO_PIC = NO;
				GCC_NO_COMMON_BLOCKS = YES;
				GCC_OPTIMIZATION_LEVEL = 0;
				GCC_PREPROCESSOR_DEFINITIONS = (
					"DEBUG=1",
					"$(inherited)",
				);
				GCC_WARN_64_TO_32_BIT_CONVERSION = YES;
				GCC_WARN_ABOUT_RETURN_TYPE = YES_ERROR;
				GCC_WARN_UNDECLARED_SELECTOR = YES;
				GCC_WARN_UNINITIALIZED_AUTOS = YES_AGGRESSIVE;
				GCC_WARN_UNUSED_FUNCTION = YES;
				GCC_WARN_UNUSED_VARIABLE = YES;
				IPHONEOS_DEPLOYMENT_TARGET = 17.0;
				LOCALIZATION_PREFERS_STRING_CATALOGS = YES;
				MTL_ENABLE_DEBUG_INFO = INCLUDE_SOURCE;
				MTL_FAST_MATH = YES;
				ONLY_ACTIVE_ARCH = YES;
				SDKROOT = iphoneos;
				SWIFT_ACTIVE_COMPILATION_CONDITIONS = "DEBUG $(inherited)";
				SWIFT_OPTIMIZATION_LEVEL = "-Onone";
			};
			name = Debug;
		};
		1F72B3B12B9F17C1000A6371 /* Release */ = {
			isa = XCBuildConfiguration;
			buildSettings = {
				ALWAYS_SEARCH_USER_PATHS = NO;
				ASSETCATALOG_COMPILER_GENERATE_SWIFT_ASSET_SYMBOL_EXTENSIONS = YES;
				CLANG_ANALYZER_NONNULL = YES;
				CLANG_ANALYZER_NUMBER_OBJECT_CONVERSION = YES_AGGRESSIVE;
				CLANG_CXX_LANGUAGE_STANDARD = "gnu++20";
				CLANG_ENABLE_MODULES = YES;
				CLANG_ENABLE_OBJC_ARC = YES;
				CLANG_ENABLE_OBJC_WEAK = YES;
				CLANG_WARN_BLOCK_CAPTURE_AUTORELEASING = YES;
				CLANG_WARN_BOOL_CONVERSION = YES;
				CLANG_WARN_COMMA = YES;
				CLANG_WARN_CONSTANT_CONVERSION = YES;
				CLANG_WARN_DEPRECATED_OBJC_IMPLEMENTATIONS = YES;
				CLANG_WARN_DIRECT_OBJC_ISA_USAGE = YES_ERROR;
				CLANG_WARN_DOCUMENTATION_COMMENTS = YES;
				CLANG_WARN_EMPTY_BODY = YES;
				CLANG_WARN_ENUM_CONVERSION = YES;
				CLANG_WARN_INFINITE_RECURSION = YES;
				CLANG_WARN_INT_CONVERSION = YES;
				CLANG_WARN_NON_LITERAL_NULL_CONVERSION = YES;
				CLANG_WARN_OBJC_IMPLICIT_RETAIN_SELF = YES;
				CLANG_WARN_OBJC_LITERAL_CONVERSION = YES;
				CLANG_WARN_OBJC_ROOT_CLASS = YES_ERROR;
				CLANG_WARN_QUOTED_INCLUDE_IN_FRAMEWORK_HEADER = YES;
				CLANG_WARN_RANGE_LOOP_ANALYSIS = YES;
				CLANG_WARN_STRICT_PROTOTYPES = YES;
				CLANG_WARN_SUSPICIOUS_MOVE = YES;
				CLANG_WARN_UNGUARDED_AVAILABILITY = YES_AGGRESSIVE;
				CLANG_WARN_UNREACHABLE_CODE = YES;
				CLANG_WARN__DUPLICATE_METHOD_MATCH = YES;
				COPY_PHASE_STRIP = NO;
				DEBUG_INFORMATION_FORMAT = "dwarf-with-dsym";
				ENABLE_NS_ASSERTIONS = NO;
				ENABLE_STRICT_OBJC_MSGSEND = YES;
				ENABLE_USER_SCRIPT_SANDBOXING = YES;
				GCC_C_LANGUAGE_STANDARD = gnu17;
				GCC_NO_COMMON_BLOCKS = YES;
				GCC_WARN_64_TO_32_BIT_CONVERSION = YES;
				GCC_WARN_ABOUT_RETURN_TYPE = YES_ERROR;
				GCC_WARN_UNDECLARED_SELECTOR = YES;
				GCC_WARN_UNINITIALIZED_AUTOS = YES_AGGRESSIVE;
				GCC_WARN_UNUSED_FUNCTION = YES;
				GCC_WARN_UNUSED_VARIABLE = YES;
				IPHONEOS_DEPLOYMENT_TARGET = 17.0;
				LOCALIZATION_PREFERS_STRING_CATALOGS = YES;
				MTL_ENABLE_DEBUG_INFO = NO;
				MTL_FAST_MATH = YES;
				SDKROOT = iphoneos;
				SWIFT_COMPILATION_MODE = wholemodule;
				VALIDATE_PRODUCT = YES;
			};
			name = Release;
		};
		1F72B3B32B9F17C1000A6371 /* Debug */ = {
			isa = XCBuildConfiguration;
			buildSettings = {
				ASSETCATALOG_COMPILER_APPICON_NAME = AppIcon;
				ASSETCATALOG_COMPILER_GLOBAL_ACCENT_COLOR_NAME = AccentColor;
				CODE_SIGN_STYLE = Automatic;
				CURRENT_PROJECT_VERSION = 1;
				GENERATE_INFOPLIST_FILE = YES;
				INFOPLIST_FILE = "lesson12(HW)/Info.plist";
				INFOPLIST_KEY_UIApplicationSupportsIndirectInputEvents = YES;
				INFOPLIST_KEY_UILaunchStoryboardName = LaunchScreen;
				INFOPLIST_KEY_UIMainStoryboardFile = Main;
				INFOPLIST_KEY_UISupportedInterfaceOrientations_iPad = "UIInterfaceOrientationPortrait UIInterfaceOrientationPortraitUpsideDown UIInterfaceOrientationLandscapeLeft UIInterfaceOrientationLandscapeRight";
				INFOPLIST_KEY_UISupportedInterfaceOrientations_iPhone = "UIInterfaceOrientationPortrait UIInterfaceOrientationLandscapeLeft UIInterfaceOrientationLandscapeRight";
				LD_RUNPATH_SEARCH_PATHS = (
					"$(inherited)",
					"@executable_path/Frameworks",
				);
				MARKETING_VERSION = 1.0;
				PRODUCT_BUNDLE_IDENTIFIER = "clw.lesson12-HW-";
				PRODUCT_NAME = "$(TARGET_NAME)";
				SWIFT_EMIT_LOC_STRINGS = YES;
				SWIFT_VERSION = 5.0;
				TARGETED_DEVICE_FAMILY = "1,2";
			};
			name = Debug;
		};
		1F72B3B42B9F17C1000A6371 /* Release */ = {
			isa = XCBuildConfiguration;
			buildSettings = {
				ASSETCATALOG_COMPILER_APPICON_NAME = AppIcon;
				ASSETCATALOG_COMPILER_GLOBAL_ACCENT_COLOR_NAME = AccentColor;
				CODE_SIGN_STYLE = Automatic;
				CURRENT_PROJECT_VERSION = 1;
				GENERATE_INFOPLIST_FILE = YES;
				INFOPLIST_FILE = "lesson12(HW)/Info.plist";
				INFOPLIST_KEY_UIApplicationSupportsIndirectInputEvents = YES;
				INFOPLIST_KEY_UILaunchStoryboardName = LaunchScreen;
				INFOPLIST_KEY_UIMainStoryboardFile = Main;
				INFOPLIST_KEY_UISupportedInterfaceOrientations_iPad = "UIInterfaceOrientationPortrait UIInterfaceOrientationPortraitUpsideDown UIInterfaceOrientationLandscapeLeft UIInterfaceOrientationLandscapeRight";
				INFOPLIST_KEY_UISupportedInterfaceOrientations_iPhone = "UIInterfaceOrientationPortrait UIInterfaceOrientationLandscapeLeft UIInterfaceOrientationLandscapeRight";
				LD_RUNPATH_SEARCH_PATHS = (
					"$(inherited)",
					"@executable_path/Frameworks",
				);
				MARKETING_VERSION = 1.0;
				PRODUCT_BUNDLE_IDENTIFIER = "clw.lesson12-HW-";
				PRODUCT_NAME = "$(TARGET_NAME)";
				SWIFT_EMIT_LOC_STRINGS = YES;
				SWIFT_VERSION = 5.0;
				TARGETED_DEVICE_FAMILY = "1,2";
			};
			name = Release;
		};
/* End XCBuildConfiguration section */

/* Begin XCConfigurationList section */
		1F72B3992B9F17BF000A6371 /* Build configuration list for PBXProject "lesson12(HW)" */ = {
			isa = XCConfigurationList;
			buildConfigurations = (
				1F72B3B02B9F17C1000A6371 /* Debug */,
				1F72B3B12B9F17C1000A6371 /* Release */,
			);
			defaultConfigurationIsVisible = 0;
			defaultConfigurationName = Release;
		};
		1F72B3B22B9F17C1000A6371 /* Build configuration list for PBXNativeTarget "lesson12(HW)" */ = {
			isa = XCConfigurationList;
			buildConfigurations = (
				1F72B3B32B9F17C1000A6371 /* Debug */,
				1F72B3B42B9F17C1000A6371 /* Release */,
			);
			defaultConfigurationIsVisible = 0;
			defaultConfigurationName = Release;
		};
/* End XCConfigurationList section */
	};
	rootObject = 1F72B3962B9F17BF000A6371 /* Project object */;
}
